// !$*UTF8*$!
{
	archiveVersion = 1;
	classes = {
	};
	objectVersion = 48;
	objects = {

/* Begin PBXBuildFile section */
		07E7E1FB2061099B00A522B7 /* AppDelegate.m in Sources */ = {isa = PBXBuildFile; fileRef = 07E7E1FA2061099B00A522B7 /* AppDelegate.m */; };
		07E7E1FE2061099B00A522B7 /* ViewController.m in Sources */ = {isa = PBXBuildFile; fileRef = 07E7E1FD2061099B00A522B7 /* ViewController.m */; };
		07E7E2012061099B00A522B7 /* Main.storyboard in Resources */ = {isa = PBXBuildFile; fileRef = 07E7E1FF2061099B00A522B7 /* Main.storyboard */; };
		07E7E2032061099B00A522B7 /* Assets.xcassets in Resources */ = {isa = PBXBuildFile; fileRef = 07E7E2022061099B00A522B7 /* Assets.xcassets */; };
		07E7E2062061099B00A522B7 /* LaunchScreen.storyboard in Resources */ = {isa = PBXBuildFile; fileRef = 07E7E2042061099B00A522B7 /* LaunchScreen.storyboard */; };
		07E7E2092061099B00A522B7 /* main.m in Sources */ = {isa = PBXBuildFile; fileRef = 07E7E2082061099B00A522B7 /* main.m */; };
		07E7E2132061099B00A522B7 /* ZSXOpenCV3TestTests.m in Sources */ = {isa = PBXBuildFile; fileRef = 07E7E2122061099B00A522B7 /* ZSXOpenCV3TestTests.m */; };
		07E7E21E2061099B00A522B7 /* ZSXOpenCV3TestUITests.m in Sources */ = {isa = PBXBuildFile; fileRef = 07E7E21D2061099B00A522B7 /* ZSXOpenCV3TestUITests.m */; };
/* End PBXBuildFile section */

/* Begin PBXContainerItemProxy section */
		07E7E20F2061099B00A522B7 /* PBXContainerItemProxy */ = {
			isa = PBXContainerItemProxy;
			containerPortal = 07E7E1EE2061099B00A522B7 /* Project object */;
			proxyType = 1;
			remoteGlobalIDString = 07E7E1F52061099B00A522B7;
			remoteInfo = ZSXOpenCV3Test;
		};
		07E7E21A2061099B00A522B7 /* PBXContainerItemProxy */ = {
			isa = PBXContainerItemProxy;
			containerPortal = 07E7E1EE2061099B00A522B7 /* Project object */;
			proxyType = 1;
			remoteGlobalIDString = 07E7E1F52061099B00A522B7;
			remoteInfo = ZSXOpenCV3Test;
		};
/* End PBXContainerItemProxy section */

/* Begin PBXFileReference section */
		07E7E1F62061099B00A522B7 /* ZSXOpenCV3Test.app */ = {isa = PBXFileReference; explicitFileType = wrapper.application; includeInIndex = 0; path = ZSXOpenCV3Test.app; sourceTree = BUILT_PRODUCTS_DIR; };
		07E7E1F92061099B00A522B7 /* AppDelegate.h */ = {isa = PBXFileReference; lastKnownFileType = sourcecode.c.h; path = AppDelegate.h; sourceTree = "<group>"; };
		07E7E1FA2061099B00A522B7 /* AppDelegate.m */ = {isa = PBXFileReference; lastKnownFileType = sourcecode.c.objc; path = AppDelegate.m; sourceTree = "<group>"; };
		07E7E1FC2061099B00A522B7 /* ViewController.h */ = {isa = PBXFileReference; lastKnownFileType = sourcecode.c.h; path = ViewController.h; sourceTree = "<group>"; };
		07E7E1FD2061099B00A522B7 /* ViewController.m */ = {isa = PBXFileReference; lastKnownFileType = sourcecode.c.objc; path = ViewController.m; sourceTree = "<group>"; };
		07E7E2002061099B00A522B7 /* Base */ = {isa = PBXFileReference; lastKnownFileType = file.storyboard; name = Base; path = Base.lproj/Main.storyboard; sourceTree = "<group>"; };
		07E7E2022061099B00A522B7 /* Assets.xcassets */ = {isa = PBXFileReference; lastKnownFileType = folder.assetcatalog; path = Assets.xcassets; sourceTree = "<group>"; };
		07E7E2052061099B00A522B7 /* Base */ = {isa = PBXFileReference; lastKnownFileType = file.storyboard; name = Base; path = Base.lproj/LaunchScreen.storyboard; sourceTree = "<group>"; };
		07E7E2072061099B00A522B7 /* Info.plist */ = {isa = PBXFileReference; lastKnownFileType = text.plist.xml; path = Info.plist; sourceTree = "<group>"; };
		07E7E2082061099B00A522B7 /* main.m */ = {isa = PBXFileReference; lastKnownFileType = sourcecode.c.objc; path = main.m; sourceTree = "<group>"; };
		07E7E20E2061099B00A522B7 /* ZSXOpenCV3TestTests.xctest */ = {isa = PBXFileReference; explicitFileType = wrapper.cfbundle; includeInIndex = 0; path = ZSXOpenCV3TestTests.xctest; sourceTree = BUILT_PRODUCTS_DIR; };
		07E7E2122061099B00A522B7 /* ZSXOpenCV3TestTests.m */ = {isa = PBXFileReference; lastKnownFileType = sourcecode.c.objc; path = ZSXOpenCV3TestTests.m; sourceTree = "<group>"; };
		07E7E2142061099B00A522B7 /* Info.plist */ = {isa = PBXFileReference; lastKnownFileType = text.plist.xml; path = Info.plist; sourceTree = "<group>"; };
		07E7E2192061099B00A522B7 /* ZSXOpenCV3TestUITests.xctest */ = {isa = PBXFileReference; explicitFileType = wrapper.cfbundle; includeInIndex = 0; path = ZSXOpenCV3TestUITests.xctest; sourceTree = BUILT_PRODUCTS_DIR; };
		07E7E21D2061099B00A522B7 /* ZSXOpenCV3TestUITests.m */ = {isa = PBXFileReference; lastKnownFileType = sourcecode.c.objc; path = ZSXOpenCV3TestUITests.m; sourceTree = "<group>"; };
		07E7E21F2061099B00A522B7 /* Info.plist */ = {isa = PBXFileReference; lastKnownFileType = text.plist.xml; path = Info.plist; sourceTree = "<group>"; };
/* End PBXFileReference section */

/* Begin PBXFrameworksBuildPhase section */
		07E7E1F32061099B00A522B7 /* Frameworks */ = {
			isa = PBXFrameworksBuildPhase;
			buildActionMask = 2147483647;
			files = (
			);
			runOnlyForDeploymentPostprocessing = 0;
		};
		07E7E20B2061099B00A522B7 /* Frameworks */ = {
			isa = PBXFrameworksBuildPhase;
			buildActionMask = 2147483647;
			files = (
			);
			runOnlyForDeploymentPostprocessing = 0;
		};
		07E7E2162061099B00A522B7 /* Frameworks */ = {
			isa = PBXFrameworksBuildPhase;
			buildActionMask = 2147483647;
			files = (
			);
			runOnlyForDeploymentPostprocessing = 0;
		};
/* End PBXFrameworksBuildPhase section */

/* Begin PBXGroup section */
		07E7E1ED2061099B00A522B7 = {
			isa = PBXGroup;
			children = (
				07E7E1F82061099B00A522B7 /* ZSXOpenCV3Test */,
				07E7E2112061099B00A522B7 /* ZSXOpenCV3TestTests */,
				07E7E21C2061099B00A522B7 /* ZSXOpenCV3TestUITests */,
				07E7E1F72061099B00A522B7 /* Products */,
			);
			sourceTree = "<group>";
		};
		07E7E1F72061099B00A522B7 /* Products */ = {
			isa = PBXGroup;
			children = (
				07E7E1F62061099B00A522B7 /* ZSXOpenCV3Test.app */,
				07E7E20E2061099B00A522B7 /* ZSXOpenCV3TestTests.xctest */,
				07E7E2192061099B00A522B7 /* ZSXOpenCV3TestUITests.xctest */,
			);
			name = Products;
			sourceTree = "<group>";
		};
		07E7E1F82061099B00A522B7 /* ZSXOpenCV3Test */ = {
			isa = PBXGroup;
			children = (
				07E7E1F92061099B00A522B7 /* AppDelegate.h */,
				07E7E1FA2061099B00A522B7 /* AppDelegate.m */,
				07E7E1FC2061099B00A522B7 /* ViewController.h */,
				07E7E1FD2061099B00A522B7 /* ViewController.m */,
				07E7E1FF2061099B00A522B7 /* Main.storyboard */,
				07E7E2022061099B00A522B7 /* Assets.xcassets */,
				07E7E2042061099B00A522B7 /* LaunchScreen.storyboard */,
				07E7E2072061099B00A522B7 /* Info.plist */,
				07E7E2082061099B00A522B7 /* main.m */,
			);
			path = ZSXOpenCV3Test;
			sourceTree = "<group>";
		};
		07E7E2112061099B00A522B7 /* ZSXOpenCV3TestTests */ = {
			isa = PBXGroup;
			children = (
				07E7E2122061099B00A522B7 /* ZSXOpenCV3TestTests.m */,
				07E7E2142061099B00A522B7 /* Info.plist */,
			);
			path = ZSXOpenCV3TestTests;
			sourceTree = "<group>";
		};
		07E7E21C2061099B00A522B7 /* ZSXOpenCV3TestUITests */ = {
			isa = PBXGroup;
			children = (
				07E7E21D2061099B00A522B7 /* ZSXOpenCV3TestUITests.m */,
				07E7E21F2061099B00A522B7 /* Info.plist */,
			);
			path = ZSXOpenCV3TestUITests;
			sourceTree = "<group>";
		};
/* End PBXGroup section */

/* Begin PBXNativeTarget section */
		07E7E1F52061099B00A522B7 /* ZSXOpenCV3Test */ = {
			isa = PBXNativeTarget;
			buildConfigurationList = 07E7E2222061099B00A522B7 /* Build configuration list for PBXNativeTarget "ZSXOpenCV3Test" */;
			buildPhases = (
				07E7E1F22061099B00A522B7 /* Sources */,
				07E7E1F32061099B00A522B7 /* Frameworks */,
				07E7E1F42061099B00A522B7 /* Resources */,
			);
			buildRules = (
			);
			dependencies = (
			);
			name = ZSXOpenCV3Test;
			productName = ZSXOpenCV3Test;
			productReference = 07E7E1F62061099B00A522B7 /* ZSXOpenCV3Test.app */;
			productType = "com.apple.product-type.application";
		};
		07E7E20D2061099B00A522B7 /* ZSXOpenCV3TestTests */ = {
			isa = PBXNativeTarget;
			buildConfigurationList = 07E7E2252061099B00A522B7 /* Build configuration list for PBXNativeTarget "ZSXOpenCV3TestTests" */;
			buildPhases = (
				07E7E20A2061099B00A522B7 /* Sources */,
				07E7E20B2061099B00A522B7 /* Frameworks */,
				07E7E20C2061099B00A522B7 /* Resources */,
			);
			buildRules = (
			);
			dependencies = (
				07E7E2102061099B00A522B7 /* PBXTargetDependency */,
			);
			name = ZSXOpenCV3TestTests;
			productName = ZSXOpenCV3TestTests;
			productReference = 07E7E20E2061099B00A522B7 /* ZSXOpenCV3TestTests.xctest */;
			productType = "com.apple.product-type.bundle.unit-test";
		};
		07E7E2182061099B00A522B7 /* ZSXOpenCV3TestUITests */ = {
			isa = PBXNativeTarget;
			buildConfigurationList = 07E7E2282061099B00A522B7 /* Build configuration list for PBXNativeTarget "ZSXOpenCV3TestUITests" */;
			buildPhases = (
				07E7E2152061099B00A522B7 /* Sources */,
				07E7E2162061099B00A522B7 /* Frameworks */,
				07E7E2172061099B00A522B7 /* Resources */,
			);
			buildRules = (
			);
			dependencies = (
				07E7E21B2061099B00A522B7 /* PBXTargetDependency */,
			);
			name = ZSXOpenCV3TestUITests;
			productName = ZSXOpenCV3TestUITests;
			productReference = 07E7E2192061099B00A522B7 /* ZSXOpenCV3TestUITests.xctest */;
			productType = "com.apple.product-type.bundle.ui-testing";
		};
/* End PBXNativeTarget section */

/* Begin PBXProject section */
		07E7E1EE2061099B00A522B7 /* Project object */ = {
			isa = PBXProject;
			attributes = {
				LastUpgradeCheck = 0920;
				ORGANIZATIONNAME = com.zsx;
				TargetAttributes = {
					07E7E1F52061099B00A522B7 = {
						CreatedOnToolsVersion = 9.2;
						ProvisioningStyle = Automatic;
					};
					07E7E20D2061099B00A522B7 = {
						CreatedOnToolsVersion = 9.2;
						ProvisioningStyle = Automatic;
						TestTargetID = 07E7E1F52061099B00A522B7;
					};
					07E7E2182061099B00A522B7 = {
						CreatedOnToolsVersion = 9.2;
						ProvisioningStyle = Automatic;
						TestTargetID = 07E7E1F52061099B00A522B7;
					};
				};
			};
			buildConfigurationList = 07E7E1F12061099B00A522B7 /* Build configuration list for PBXProject "ZSXOpenCV3Test" */;
			compatibilityVersion = "Xcode 8.0";
			developmentRegion = en;
			hasScannedForEncodings = 0;
			knownRegions = (
				en,
				Base,
			);
			mainGroup = 07E7E1ED2061099B00A522B7;
			productRefGroup = 07E7E1F72061099B00A522B7 /* Products */;
			projectDirPath = "";
			projectRoot = "";
			targets = (
				07E7E1F52061099B00A522B7 /* ZSXOpenCV3Test */,
				07E7E20D2061099B00A522B7 /* ZSXOpenCV3TestTests */,
				07E7E2182061099B00A522B7 /* ZSXOpenCV3TestUITests */,
			);
		};
/* End PBXProject section */

/* Begin PBXResourcesBuildPhase section */
		07E7E1F42061099B00A522B7 /* Resources */ = {
			isa = PBXResourcesBuildPhase;
			buildActionMask = 2147483647;
			files = (
				07E7E2062061099B00A522B7 /* LaunchScreen.storyboard in Resources */,
				07E7E2032061099B00A522B7 /* Assets.xcassets in Resources */,
				07E7E2012061099B00A522B7 /* Main.storyboard in Resources */,
			);
			runOnlyForDeploymentPostprocessing = 0;
		};
		07E7E20C2061099B00A522B7 /* Resources */ = {
			isa = PBXResourcesBuildPhase;
			buildActionMask = 2147483647;
			files = (
			);
			runOnlyForDeploymentPostprocessing = 0;
		};
		07E7E2172061099B00A522B7 /* Resources */ = {
			isa = PBXResourcesBuildPhase;
			buildActionMask = 2147483647;
			files = (
			);
			runOnlyForDeploymentPostprocessing = 0;
		};
/* End PBXResourcesBuildPhase section */

/* Begin PBXSourcesBuildPhase section */
		07E7E1F22061099B00A522B7 /* Sources */ = {
			isa = PBXSourcesBuildPhase;
			buildActionMask = 2147483647;
			files = (
				07E7E1FE2061099B00A522B7 /* ViewController.m in Sources */,
				07E7E2092061099B00A522B7 /* main.m in Sources */,
				07E7E1FB2061099B00A522B7 /* AppDelegate.m in Sources */,
			);
			runOnlyForDeploymentPostprocessing = 0;
		};
		07E7E20A2061099B00A522B7 /* Sources */ = {
			isa = PBXSourcesBuildPhase;
			buildActionMask = 2147483647;
			files = (
				07E7E2132061099B00A522B7 /* ZSXOpenCV3TestTests.m in Sources */,
			);
			runOnlyForDeploymentPostprocessing = 0;
		};
		07E7E2152061099B00A522B7 /* Sources */ = {
			isa = PBXSourcesBuildPhase;
			buildActionMask = 2147483647;
			files = (
				07E7E21E2061099B00A522B7 /* ZSXOpenCV3TestUITests.m in Sources */,
			);
			runOnlyForDeploymentPostprocessing = 0;
		};
/* End PBXSourcesBuildPhase section */

/* Begin PBXTargetDependency section */
		07E7E2102061099B00A522B7 /* PBXTargetDependency */ = {
			isa = PBXTargetDependency;
			target = 07E7E1F52061099B00A522B7 /* ZSXOpenCV3Test */;
			targetProxy = 07E7E20F2061099B00A522B7 /* PBXContainerItemProxy */;
		};
		07E7E21B2061099B00A522B7 /* PBXTargetDependency */ = {
			isa = PBXTargetDependency;
			target = 07E7E1F52061099B00A522B7 /* ZSXOpenCV3Test */;
			targetProxy = 07E7E21A2061099B00A522B7 /* PBXContainerItemProxy */;
		};
/* End PBXTargetDependency section */

/* Begin PBXVariantGroup section */
		07E7E1FF2061099B00A522B7 /* Main.storyboard */ = {
			isa = PBXVariantGroup;
			children = (
				07E7E2002061099B00A522B7 /* Base */,
			);
			name = Main.storyboard;
			sourceTree = "<group>";
		};
		07E7E2042061099B00A522B7 /* LaunchScreen.storyboard */ = {
			isa = PBXVariantGroup;
			children = (
				07E7E2052061099B00A522B7 /* Base */,
			);
			name = LaunchScreen.storyboard;
			sourceTree = "<group>";
		};
/* End PBXVariantGroup section */

/* Begin XCBuildConfiguration section */
		07E7E2202061099B00A522B7 /* Debug */ = {
			isa = XCBuildConfiguration;
			buildSettings = {
				ALWAYS_SEARCH_USER_PATHS = NO;
				CLANG_ANALYZER_NONNULL = YES;
				CLANG_ANALYZER_NUMBER_OBJECT_CONVERSION = YES_AGGRESSIVE;
				CLANG_CXX_LANGUAGE_STANDARD = "gnu++14";
				CLANG_CXX_LIBRARY = "libc++";
				CLANG_ENABLE_MODULES = YES;
				CLANG_ENABLE_OBJC_ARC = YES;
				CLANG_WARN_BLOCK_CAPTURE_AUTORELEASING = YES;
				CLANG_WARN_BOOL_CONVERSION = YES;
				CLANG_WARN_COMMA = YES;
				CLANG_WARN_CONSTANT_CONVERSION = YES;
				CLANG_WARN_DIRECT_OBJC_ISA_USAGE = YES_ERROR;
				CLANG_WARN_DOCUMENTATION_COMMENTS = YES;
				CLANG_WARN_EMPTY_BODY = YES;
				CLANG_WARN_ENUM_CONVERSION = YES;
				CLANG_WARN_INFINITE_RECURSION = YES;
				CLANG_WARN_INT_CONVERSION = YES;
				CLANG_WARN_NON_LITERAL_NULL_CONVERSION = YES;
				CLANG_WARN_OBJC_LITERAL_CONVERSION = YES;
				CLANG_WARN_OBJC_ROOT_CLASS = YES_ERROR;
				CLANG_WARN_RANGE_LOOP_ANALYSIS = YES;
				CLANG_WARN_STRICT_PROTOTYPES = YES;
				CLANG_WARN_SUSPICIOUS_MOVE = YES;
				CLANG_WARN_UNGUARDED_AVAILABILITY = YES_AGGRESSIVE;
				CLANG_WARN_UNREACHABLE_CODE = YES;
				CLANG_WARN__DUPLICATE_METHOD_MATCH = YES;
				CODE_SIGN_IDENTITY = "iPhone Developer";
				COPY_PHASE_STRIP = NO;
				DEBUG_INFORMATION_FORMAT = dwarf;
				ENABLE_STRICT_OBJC_MSGSEND = YES;
				ENABLE_TESTABILITY = YES;
				GCC_C_LANGUAGE_STANDARD = gnu11;
				GCC_DYNAMIC_NO_PIC = NO;
				GCC_NO_COMMON_BLOCKS = YES;
				GCC_OPTIMIZATION_LEVEL = 0;
				GCC_PREPROCESSOR_DEFINITIONS = (
					"DEBUG=1",
					"$(inherited)",
				);
				GCC_WARN_64_TO_32_BIT_CONVERSION = YES;
				GCC_WARN_ABOUT_RETURN_TYPE = YES_ERROR;
				GCC_WARN_UNDECLARED_SELECTOR = YES;
				GCC_WARN_UNINITIALIZED_AUTOS = YES_AGGRESSIVE;
				GCC_WARN_UNUSED_FUNCTION = YES;
				GCC_WARN_UNUSED_VARIABLE = YES;
				IPHONEOS_DEPLOYMENT_TARGET = 11.2;
				MTL_ENABLE_DEBUG_INFO = YES;
				ONLY_ACTIVE_ARCH = YES;
				SDKROOT = iphoneos;
			};
			name = Debug;
		};
		07E7E2212061099B00A522B7 /* Release */ = {
			isa = XCBuildConfiguration;
			buildSettings = {
				ALWAYS_SEARCH_USER_PATHS = NO;
				CLANG_ANALYZER_NONNULL = YES;
				CLANG_ANALYZER_NUMBER_OBJECT_CONVERSION = YES_AGGRESSIVE;
				CLANG_CXX_LANGUAGE_STANDARD = "gnu++14";
				CLANG_CXX_LIBRARY = "libc++";
				CLANG_ENABLE_MODULES = YES;
				CLANG_ENABLE_OBJC_ARC = YES;
				CLANG_WARN_BLOCK_CAPTURE_AUTORELEASING = YES;
				CLANG_WARN_BOOL_CONVERSION = YES;
				CLANG_WARN_COMMA = YES;
				CLANG_WARN_CONSTANT_CONVERSION = YES;
				CLANG_WARN_DIRECT_OBJC_ISA_USAGE = YES_ERROR;
				CLANG_WARN_DOCUMENTATION_COMMENTS = YES;
				CLANG_WARN_EMPTY_BODY = YES;
				CLANG_WARN_ENUM_CONVERSION = YES;
				CLANG_WARN_INFINITE_RECURSION = YES;
				CLANG_WARN_INT_CONVERSION = YES;
				CLANG_WARN_NON_LITERAL_NULL_CONVERSION = YES;
				CLANG_WARN_OBJC_LITERAL_CONVERSION = YES;
				CLANG_WARN_OBJC_ROOT_CLASS = YES_ERROR;
				CLANG_WARN_RANGE_LOOP_ANALYSIS = YES;
				CLANG_WARN_STRICT_PROTOTYPES = YES;
				CLANG_WARN_SUSPICIOUS_MOVE = YES;
				CLANG_WARN_UNGUARDED_AVAILABILITY = YES_AGGRESSIVE;
				CLANG_WARN_UNREACHABLE_CODE = YES;
				CLANG_WARN__DUPLICATE_METHOD_MATCH = YES;
				CODE_SIGN_IDENTITY = "iPhone Developer";
				COPY_PHASE_STRIP = NO;
				DEBUG_INFORMATION_FORMAT = "dwarf-with-dsym";
				ENABLE_NS_ASSERTIONS = NO;
				ENABLE_STRICT_OBJC_MSGSEND = YES;
				GCC_C_LANGUAGE_STANDARD = gnu11;
				GCC_NO_COMMON_BLOCKS = YES;
				GCC_WARN_64_TO_32_BIT_CONVERSION = YES;
				GCC_WARN_ABOUT_RETURN_TYPE = YES_ERROR;
				GCC_WARN_UNDECLARED_SELECTOR = YES;
				GCC_WARN_UNINITIALIZED_AUTOS = YES_AGGRESSIVE;
				GCC_WARN_UNUSED_FUNCTION = YES;
				GCC_WARN_UNUSED_VARIABLE = YES;
				IPHONEOS_DEPLOYMENT_TARGET = 11.2;
				MTL_ENABLE_DEBUG_INFO = NO;
				SDKROOT = iphoneos;
				VALIDATE_PRODUCT = YES;
			};
			name = Release;
		};
		07E7E2232061099B00A522B7 /* Debug */ = {
			isa = XCBuildConfiguration;
			buildSettings = {
				ASSETCATALOG_COMPILER_APPICON_NAME = AppIcon;
				CODE_SIGN_STYLE = Automatic;
				INFOPLIST_FILE = ZSXOpenCV3Test/Info.plist;
				LD_RUNPATH_SEARCH_PATHS = "$(inherited) @executable_path/Frameworks";
				PRODUCT_BUNDLE_IDENTIFIER = com.zsx.ZSXOpenCV3Test;
				PRODUCT_NAME = "$(TARGET_NAME)";
				TARGETED_DEVICE_FAMILY = "1,2";
			};
			name = Debug;
		};
		07E7E2242061099B00A522B7 /* Release */ = {
			isa = XCBuildConfiguration;
			buildSettings = {
				ASSETCATALOG_COMPILER_APPICON_NAME = AppIcon;
				CODE_SIGN_STYLE = Automatic;
				INFOPLIST_FILE = ZSXOpenCV3Test/Info.plist;
				LD_RUNPATH_SEARCH_PATHS = "$(inherited) @executable_path/Frameworks";
				PRODUCT_BUNDLE_IDENTIFIER = com.zsx.ZSXOpenCV3Test;
				PRODUCT_NAME = "$(TARGET_NAME)";
				TARGETED_DEVICE_FAMILY = "1,2";
			};
			name = Release;
		};
		07E7E2262061099B00A522B7 /* Debug */ = {
			isa = XCBuildConfiguration;
			buildSettings = {
				BUNDLE_LOADER = "$(TEST_HOST)";
				CODE_SIGN_STYLE = Automatic;
				INFOPLIST_FILE = ZSXOpenCV3TestTests/Info.plist;
				LD_RUNPATH_SEARCH_PATHS = "$(inherited) @executable_path/Frameworks @loader_path/Frameworks";
				PRODUCT_BUNDLE_IDENTIFIER = com.zsx.ZSXOpenCV3TestTests;
				PRODUCT_NAME = "$(TARGET_NAME)";
				TARGETED_DEVICE_FAMILY = "1,2";
				TEST_HOST = "$(BUILT_PRODUCTS_DIR)/ZSXOpenCV3Test.app/ZSXOpenCV3Test";
			};
			name = Debug;
		};
		07E7E2272061099B00A522B7 /* Release */ = {
			isa = XCBuildConfiguration;
			buildSettings = {
				BUNDLE_LOADER = "$(TEST_HOST)";
				CODE_SIGN_STYLE = Automatic;
				INFOPLIST_FILE = ZSXOpenCV3TestTests/Info.plist;
				LD_RUNPATH_SEARCH_PATHS = "$(inherited) @executable_path/Frameworks @loader_path/Frameworks";
				PRODUCT_BUNDLE_IDENTIFIER = com.zsx.ZSXOpenCV3TestTests;
				PRODUCT_NAME = "$(TARGET_NAME)";
				TARGETED_DEVICE_FAMILY = "1,2";
				TEST_HOST = "$(BUILT_PRODUCTS_DIR)/ZSXOpenCV3Test.app/ZSXOpenCV3Test";
			};
			name = Release;
		};
		07E7E2292061099B00A522B7 /* Debug */ = {
			isa = XCBuildConfiguration;
			buildSettings = {
				CODE_SIGN_STYLE = Automatic;
				INFOPLIST_FILE = ZSXOpenCV3TestUITests/Info.plist;
				LD_RUNPATH_SEARCH_PATHS = "$(inherited) @executable_path/Frameworks @loader_path/Frameworks";
				PRODUCT_BUNDLE_IDENTIFIER = com.zsx.ZSXOpenCV3TestUITests;
				PRODUCT_NAME = "$(TARGET_NAME)";
				TARGETED_DEVICE_FAMILY = "1,2";
				TEST_TARGET_NAME = ZSXOpenCV3Test;
			};
			name = Debug;
		};
		07E7E22A2061099B00A522B7 /* Release */ = {
			isa = XCBuildConfiguration;
			buildSettings = {
				CODE_SIGN_STYLE = Automatic;
				INFOPLIST_FILE = ZSXOpenCV3TestUITests/Info.plist;
				LD_RUNPATH_SEARCH_PATHS = "$(inherited) @executable_path/Frameworks @loader_path/Frameworks";
				PRODUCT_BUNDLE_IDENTIFIER = com.zsx.ZSXOpenCV3TestUITests;
				PRODUCT_NAME = "$(TARGET_NAME)";
				TARGETED_DEVICE_FAMILY = "1,2";
				TEST_TARGET_NAME = ZSXOpenCV3Test;
			};
			name = Release;
		};
/* End XCBuildConfiguration section */

/* Begin XCConfigurationList section */
		07E7E1F12061099B00A522B7 /* Build configuration list for PBXProject "ZSXOpenCV3Test" */ = {
			isa = XCConfigurationList;
			buildConfigurations = (
				07E7E2202061099B00A522B7 /* Debug */,
				07E7E2212061099B00A522B7 /* Release */,
			);
			defaultConfigurationIsVisible = 0;
			defaultConfigurationName = Release;
		};
		07E7E2222061099B00A522B7 /* Build configuration list for PBXNativeTarget "ZSXOpenCV3Test" */ = {
			isa = XCConfigurationList;
			buildConfigurations = (
				07E7E2232061099B00A522B7 /* Debug */,
				07E7E2242061099B00A522B7 /* Release */,
			);
			defaultConfigurationIsVisible = 0;
			defaultConfigurationName = Release;
		};
		07E7E2252061099B00A522B7 /* Build configuration list for PBXNativeTarget "ZSXOpenCV3TestTests" */ = {
			isa = XCConfigurationList;
			buildConfigurations = (
				07E7E2262061099B00A522B7 /* Debug */,
				07E7E2272061099B00A522B7 /* Release */,
			);
			defaultConfigurationIsVisible = 0;
			defaultConfigurationName = Release;
		};
		07E7E2282061099B00A522B7 /* Build configuration list for PBXNativeTarget "ZSXOpenCV3TestUITests" */ = {
			isa = XCConfigurationList;
			buildConfigurations = (
				07E7E2292061099B00A522B7 /* Debug */,
				07E7E22A2061099B00A522B7 /* Release */,
			);
			defaultConfigurationIsVisible = 0;
			defaultConfigurationName = Release;
		};
/* End XCConfigurationList section */
	};
	rootObject = 07E7E1EE2061099B00A522B7 /* Project object */;
}
